
Microsoft Visual Studio Solution File, Format Version 12.00
# Visual Studio Version 16
VisualStudioVersion = 16.0.30523.141
MinimumVisualStudioVersion = 10.0.40219.1
Project("{9A19103F-16F7-4668-BE54-9A1E7A4F7556}") = "BDTransportCompany", "BDTransportCompany\BDTransportCompany.csproj", "{1DB68D14-D8E3-4E69-BD37-3C5DCC90528B}"
EndProject
Global
	GlobalSection(SolutionConfigurationPlatforms) = preSolution
		Debug|Any CPU = Debug|Any CPU
		Release|Any CPU = Release|Any CPU
	EndGlobalSection
	GlobalSection(ProjectConfigurationPlatforms) = postSolution
		{1DB68D14-D8E3-4E69-BD37-3C5DCC90528B}.Debug|Any CPU.ActiveCfg = Debug|Any CPU
		{1DB68D14-D8E3-4E69-BD37-3C5DCC90528B}.Debug|Any CPU.Build.0 = Debug|Any CPU
		{1DB68D14-D8E3-4E69-BD37-3C5DCC90528B}.Release|Any CPU.ActiveCfg = Release|Any CPU
		{1DB68D14-D8E3-4E69-BD37-3C5DCC90528B}.Release|Any CPU.Build.0 = Release|Any CPU
	EndGlobalSection
	GlobalSection(SolutionProperties) = preSolution
		HideSolutionNode = FALSE
	EndGlobalSection
	GlobalSection(ExtensibilityGlobals) = postSolution
		SolutionGuid = {66ECA50C-7E9F-4803-8C65-588CAF9C4B0F}
	EndGlobalSection
EndGlobal
